
Microsoft Visual Studio Solution File, Format Version 12.00
# Visual Studio Version 17
VisualStudioVersion = 17.7.34031.279
MinimumVisualStudioVersion = 10.0.40219.1
Project("{FAE04EC0-301F-11D3-BF4B-00C04F79EFBC}") = "Promote.website", "Promote.website\Promote.website.csproj", "{A4E0678B-0E09-44F0-B6C0-029FE01E3DFC}"
EndProject
Global
	GlobalSection(SolutionConfigurationPlatforms) = preSolution
		Debug|Any CPU = Debug|Any CPU
		Release|Any CPU = Release|Any CPU
	EndGlobalSection
	GlobalSection(ProjectConfigurationPlatforms) = postSolution
		{A4E0678B-0E09-44F0-B6C0-029FE01E3DFC}.Debug|Any CPU.ActiveCfg = Debug|Any CPU
		{A4E0678B-0E09-44F0-B6C0-029FE01E3DFC}.Debug|Any CPU.Build.0 = Debug|Any CPU
		{A4E0678B-0E09-44F0-B6C0-029FE01E3DFC}.Release|Any CPU.ActiveCfg = Release|Any CPU
		{A4E0678B-0E09-44F0-B6C0-029FE01E3DFC}.Release|Any CPU.Build.0 = Release|Any CPU
	EndGlobalSection
	GlobalSection(SolutionProperties) = preSolution
		HideSolutionNode = FALSE
	EndGlobalSection
	GlobalSection(ExtensibilityGlobals) = postSolution
		SolutionGuid = {E5316FD3-295B-42E2-9D8B-B8208BA4ACF0}
	EndGlobalSection
EndGlobal
